
Microsoft Visual Studio Solution File, Format Version 12.00
# Visual Studio Version 16
VisualStudioVersion = 16.0.29920.165
MinimumVisualStudioVersion = 10.0.40219.1
Project("{FAE04EC0-301F-11D3-BF4B-00C04F79EFBC}") = "c6", "c6\c6.csproj", "{3353D45A-50EB-4FB4-89C5-73EE508C6A15}"
EndProject
Global
	GlobalSection(SolutionConfigurationPlatforms) = preSolution
		Debug|Any CPU = Debug|Any CPU
		Release|Any CPU = Release|Any CPU
	EndGlobalSection
	GlobalSection(ProjectConfigurationPlatforms) = postSolution
		{3353D45A-50EB-4FB4-89C5-73EE508C6A15}.Debug|Any CPU.ActiveCfg = Debug|Any CPU
		{3353D45A-50EB-4FB4-89C5-73EE508C6A15}.Debug|Any CPU.Build.0 = Debug|Any CPU
		{3353D45A-50EB-4FB4-89C5-73EE508C6A15}.Release|Any CPU.ActiveCfg = Release|Any CPU
		{3353D45A-50EB-4FB4-89C5-73EE508C6A15}.Release|Any CPU.Build.0 = Release|Any CPU
	EndGlobalSection
	GlobalSection(SolutionProperties) = preSolution
		HideSolutionNode = FALSE
	EndGlobalSection
	GlobalSection(ExtensibilityGlobals) = postSolution
		SolutionGuid = {BDD1AF82-ED14-4E91-9FBF-7ECCD1AA236F}
	EndGlobalSection
EndGlobal
